
Microsoft Visual Studio Solution File, Format Version 12.00
# Visual Studio Version 16
VisualStudioVersion = 16.0.31729.503
MinimumVisualStudioVersion = 10.0.40219.1
Project("{FAE04EC0-301F-11D3-BF4B-00C04F79EFBC}") = "WpfApp1", "WpfApp1\WpfApp1.csproj", "{57571F5C-B61A-4A68-8CF1-659C593E8D6A}"
EndProject
Global
	GlobalSection(SolutionConfigurationPlatforms) = preSolution
		Debug|Any CPU = Debug|Any CPU
		Release|Any CPU = Release|Any CPU
	EndGlobalSection
	GlobalSection(ProjectConfigurationPlatforms) = postSolution
		{57571F5C-B61A-4A68-8CF1-659C593E8D6A}.Debug|Any CPU.ActiveCfg = Debug|Any CPU
		{57571F5C-B61A-4A68-8CF1-659C593E8D6A}.Debug|Any CPU.Build.0 = Debug|Any CPU
		{57571F5C-B61A-4A68-8CF1-659C593E8D6A}.Release|Any CPU.ActiveCfg = Release|Any CPU
		{57571F5C-B61A-4A68-8CF1-659C593E8D6A}.Release|Any CPU.Build.0 = Release|Any CPU
	EndGlobalSection
	GlobalSection(SolutionProperties) = preSolution
		HideSolutionNode = FALSE
	EndGlobalSection
	GlobalSection(ExtensibilityGlobals) = postSolution
		SolutionGuid = {86BB97D5-8463-4612-BB6D-1410A97796D2}
	EndGlobalSection
EndGlobal
